
Microsoft Visual Studio Solution File, Format Version 12.00
# Visual Studio Version 17
VisualStudioVersion = 17.5.33502.453
MinimumVisualStudioVersion = 10.0.40219.1
Project("{FAE04EC0-301F-11D3-BF4B-00C04F79EFBC}") = "MYSchool", "MYSchool.csproj", "{D0AE3287-25AE-4DCA-B775-D3272718238B}"
EndProject
Global
	GlobalSection(SolutionConfigurationPlatforms) = preSolution
		Debug|Any CPU = Debug|Any CPU
		Release|Any CPU = Release|Any CPU
	EndGlobalSection
	GlobalSection(ProjectConfigurationPlatforms) = postSolution
		{D0AE3287-25AE-4DCA-B775-D3272718238B}.Debug|Any CPU.ActiveCfg = Debug|Any CPU
		{D0AE3287-25AE-4DCA-B775-D3272718238B}.Debug|Any CPU.Build.0 = Debug|Any CPU
		{D0AE3287-25AE-4DCA-B775-D3272718238B}.Release|Any CPU.ActiveCfg = Release|Any CPU
		{D0AE3287-25AE-4DCA-B775-D3272718238B}.Release|Any CPU.Build.0 = Release|Any CPU
	EndGlobalSection
	GlobalSection(SolutionProperties) = preSolution
		HideSolutionNode = FALSE
	EndGlobalSection
	GlobalSection(ExtensibilityGlobals) = postSolution
		SolutionGuid = {20DBD7FA-D58A-493C-A794-D700CDCC4AA0}
	EndGlobalSection
EndGlobal
